<?xml version="1.0" encoding="utf-8"?>
<Project ToolsVersion="4.0" xmlns="http://schemas.microsoft.com/developer/msbuild/2003">
  <ItemGroup>
    <Filter Include="Исходные файлы">
      <UniqueIdentifier>{4FC737F1-C7A5-4376-A066-2A32D752A2FF}</UniqueIdentifier>
      <Extensions>cpp;c;cc;cxx;c++;cppm;ixx;def;odl;idl;hpj;bat;asm;asmx</Extensions>
    </Filter>
    <Filter Include="Файлы заголовков">
      <UniqueIdentifier>{93995380-89BD-4b04-88EB-625FBE52EBFB}</UniqueIdentifier>
      <Extensions>h;hh;hpp;hxx;h++;hm;inl;inc;ipp;xsd</Extensions>
    </Filter>
    <Filter Include="Файлы ресурсов">
      <UniqueIdentifier>{67DA6AB6-F800-4c08-8B7A-83BB121AAD01}</UniqueIdentifier>
      <Extensions>rc;ico;cur;bmp;dlg;rc2;rct;bin;rgs;gif;jpg;jpeg;jpe;resx;tiff;tif;png;wav;mfcribbon-ms</Extensions>
    </Filter>
    <Filter Include="Исходные файлы\PRISM_math">
      <UniqueIdentifier>{3d8a18de-ccb7-4eac-940a-8a9b556f061e}</UniqueIdentifier>
    </Filter>
    <Filter Include="Файлы заголовков\PRISM_math">
      <UniqueIdentifier>{0fa5e8fa-10c5-4cf8-b0c5-5be89ea2f370}</UniqueIdentifier>
    </Filter>
    <Filter Include="Файлы заголовков\PRISM_UI">
      <UniqueIdentifier>{6342738f-2fc1-49a5-8bc9-71966db5d2b7}</UniqueIdentifier>
    </Filter>
    <Filter Include="Исходные файлы\PRISM_UI">
      <UniqueIdentifier>{7041d354-73c1-4cdc-b636-bfb1936c7eb4}</UniqueIdentifier>
    </Filter>
    <Filter Include="Исходные файлы\PRISM_objects3D">
      <UniqueIdentifier>{5e0e5645-7817-4e99-8c31-2d59f98c4f23}</UniqueIdentifier>
    </Filter>
    <Filter Include="Файлы заголовков\PRISM_objects3D">
      <UniqueIdentifier>{4cc51fab-51ba-439b-8c21-9b08888e0bef}</UniqueIdentifier>
    </Filter>
    <Filter Include="Файлы заголовков\PRISM_rendering">
      <UniqueIdentifier>{e28e8e16-f77c-405a-8936-e34953feaea6}</UniqueIdentifier>
    </Filter>
    <Filter Include="Исходные файлы\PRISM_rendering">
      <UniqueIdentifier>{5931e0df-a443-4e92-8cde-3f974ba06f04}</UniqueIdentifier>
    </Filter>
  </ItemGroup>
  <ItemGroup>
    <ClCompile Include="PrismEngine.cpp">
      <Filter>Исходные файлы</Filter>
    </ClCompile>
    <ClCompile Include="src\PRISM_math\vector3D.cpp">
      <Filter>Исходные файлы\PRISM_math</Filter>
    </ClCompile>
    <ClCompile Include="src\PRISM_math\matrix.cpp">
      <Filter>Исходные файлы\PRISM_math</Filter>
    </ClCompile>
    <ClCompile Include="src\PRISM_math\other.cpp">
      <Filter>Исходные файлы\PRISM_math</Filter>
    </ClCompile>
    <ClCompile Include="src\PRISM_UI\button.cpp">
      <Filter>Исходные файлы\PRISM_UI</Filter>
    </ClCompile>
    <ClCompile Include="src\PRISM_objects3D\AbstractCamera3D.cpp">
      <Filter>Исходные файлы\PRISM_objects3D</Filter>
    </ClCompile>
    <ClCompile Include="src\PRISM_objects3D\AbstractObject3D.cpp">
      <Filter>Исходные файлы\PRISM_objects3D</Filter>
    </ClCompile>
    <ClCompile Include="src\PRISM_rendering\render.cpp">
      <Filter>Исходные файлы\PRISM_rendering</Filter>
    </ClCompile>
    <ClCompile Include="src\PRISM_rendering\zbuffer.cpp">
      <Filter>Исходные файлы\PRISM_rendering</Filter>
    </ClCompile>
    <ClCompile Include="src\PRISM_math\math.cpp">
      <Filter>Исходные файлы\PRISM_math</Filter>
    </ClCompile>
    <ClCompile Include="src\PRISM_UI\joystick.cpp">
      <Filter>Исходные файлы\PRISM_UI</Filter>
    </ClCompile>
    <ClCompile Include="src\PRISM_rendering\painter.cpp">
      <Filter>Исходные файлы\PRISM_rendering</Filter>
    </ClCompile>
    <ClCompile Include="src\PRISM_rendering\PRISM_Window.cpp">
      <Filter>Исходные файлы\PRISM_rendering</Filter>
    </ClCompile>
    <ClCompile Include="src\PRISM_objects3D\Scene.cpp">
      <Filter>Исходные файлы\PRISM_objects3D</Filter>
    </ClCompile>
    <ClCompile Include="src\PRISM_objects3D\MeshLoader.cpp">
      <Filter>Исходные файлы\PRISM_objects3D</Filter>
    </ClCompile>
    <ClCompile Include="src\PRISM_rendering\shaderManager.cpp">
      <Filter>Исходные файлы\PRISM_rendering</Filter>
    </ClCompile>
  </ItemGroup>
  <ItemGroup>
    <ClInclude Include="src\PRISM_math\vector3D.h">
      <Filter>Файлы заголовков\PRISM_math</Filter>
    </ClInclude>
    <ClInclude Include="src\PRISM_math\matrix.h">
      <Filter>Файлы заголовков\PRISM_math</Filter>
    </ClInclude>
    <ClInclude Include="src\PRISM_math\other.h">
      <Filter>Файлы заголовков\PRISM_math</Filter>
    </ClInclude>
    <ClInclude Include="src\PRISM_UI\button.h">
      <Filter>Файлы заголовков\PRISM_UI</Filter>
    </ClInclude>
    <ClInclude Include="src\PRISM_objects3D\AbstractCamera3D.h">
      <Filter>Файлы заголовков\PRISM_objects3D</Filter>
    </ClInclude>
    <ClInclude Include="src\PRISM_objects3D\AbstractObject3D.h">
      <Filter>Файлы заголовков\PRISM_objects3D</Filter>
    </ClInclude>
    <ClInclude Include="src\PRISM_rendering\render.h">
      <Filter>Файлы заголовков\PRISM_rendering</Filter>
    </ClInclude>
    <ClInclude Include="src\PRISM_rendering\zbuffer.h">
      <Filter>Файлы заголовков\PRISM_rendering</Filter>
    </ClInclude>
    <ClInclude Include="src\PRISM_UI\joystick.h">
      <Filter>Файлы заголовков\PRISM_UI</Filter>
    </ClInclude>
    <ClInclude Include="src\PRISM_math\math.h">
      <Filter>Файлы заголовков\PRISM_math</Filter>
    </ClInclude>
    <ClInclude Include="src\PrismEngine.h">
      <Filter>Файлы заголовков</Filter>
    </ClInclude>
    <ClInclude Include="src\PRISM_rendering\painter.h">
      <Filter>Файлы заголовков\PRISM_rendering</Filter>
    </ClInclude>
    <ClInclude Include="src\PRISM_rendering\PRISM_Window.h">
      <Filter>Файлы заголовков\PRISM_rendering</Filter>
    </ClInclude>
    <ClInclude Include="src\PRISM_objects3D\Scene.h">
      <Filter>Файлы заголовков\PRISM_objects3D</Filter>
    </ClInclude>
    <ClInclude Include="src\PRISM_objects3D\MeshLoader.h">
      <Filter>Файлы заголовков\PRISM_objects3D</Filter>
    </ClInclude>
    <ClInclude Include="src\PRISM_rendering\shaderManager.h">
      <Filter>Файлы заголовков\PRISM_rendering</Filter>
    </ClInclude>
  </ItemGroup>
</Project>