<?xml version="1.0" encoding="utf-8"?>
<Project ToolsVersion="4.0" xmlns="http://schemas.microsoft.com/developer/msbuild/2003">
  <ItemGroup>
    <Filter Include="Исходные файлы">
      <UniqueIdentifier>{4FC737F1-C7A5-4376-A066-2A32D752A2FF}</UniqueIdentifier>
      <Extensions>cpp;c;cc;cxx;c++;cppm;ixx;def;odl;idl;hpj;bat;asm;asmx</Extensions>
    </Filter>
    <Filter Include="Файлы заголовков">
      <UniqueIdentifier>{93995380-89BD-4b04-88EB-625FBE52EBFB}</UniqueIdentifier>
      <Extensions>h;hh;hpp;hxx;h++;hm;inl;inc;ipp;xsd</Extensions>
    </Filter>
    <Filter Include="Файлы ресурсов">
      <UniqueIdentifier>{67DA6AB6-F800-4c08-8B7A-83BB121AAD01}</UniqueIdentifier>
      <Extensions>rc;ico;cur;bmp;dlg;rc2;rct;bin;rgs;gif;jpg;jpeg;jpe;resx;tiff;tif;png;wav;mfcribbon-ms</Extensions>
    </Filter>
    <Filter Include="Исходные файлы\PRISM_math">
      <UniqueIdentifier>{3d8a18de-ccb7-4eac-940a-8a9b556f061e}</UniqueIdentifier>
    </Filter>
    <Filter Include="Файлы заголовков\PRISM_math">
      <UniqueIdentifier>{0fa5e8fa-10c5-4cf8-b0c5-5be89ea2f370}</UniqueIdentifier>
    </Filter>
  </ItemGroup>
  <ItemGroup>
    <ClCompile Include="PrismEngine.cpp">
      <Filter>Исходные файлы</Filter>
    </ClCompile>
    <ClCompile Include="src\PRISM_math\vector3D.cpp">
      <Filter>Исходные файлы\PRISM_math</Filter>
    </ClCompile>
    <ClCompile Include="src\PRISM_math\matrix.cpp">
      <Filter>Исходные файлы\PRISM_math</Filter>
    </ClCompile>
    <ClCompile Include="src\PRISM_math\other.cpp">
      <Filter>Исходные файлы\PRISM_math</Filter>
    </ClCompile>
  </ItemGroup>
  <ItemGroup>
    <ClInclude Include="src\PRISM_math\vector3D.h">
      <Filter>Файлы заголовков\PRISM_math</Filter>
    </ClInclude>
    <ClInclude Include="src\PRISM_math\matrix.h">
      <Filter>Файлы заголовков\PRISM_math</Filter>
    </ClInclude>
    <ClInclude Include="src\PRISM_math\other.h">
      <Filter>Файлы заголовков\PRISM_math</Filter>
    </ClInclude>
  </ItemGroup>
</Project>